
Microsoft Visual Studio Solution File, Format Version 12.00
# Visual Studio Version 16
VisualStudioVersion = 16.0.30804.86
MinimumVisualStudioVersion = 10.0.40219.1
Project("{FAE04EC0-301F-11D3-BF4B-00C04F79EFBC}") = "matrix_net", "matrix_net\matrix_net.csproj", "{BC6B1ACD-EBBB-4ECC-9D41-3A3A3735A520}"
EndProject
Project("{FAE04EC0-301F-11D3-BF4B-00C04F79EFBC}") = "Matrix_test", "Matrix_test\Matrix_test.csproj", "{F0D74CCB-3BE1-4CEC-ACB3-1A9F9C40EAA2}"
EndProject
Global
	GlobalSection(SolutionConfigurationPlatforms) = preSolution
		Debug|Any CPU = Debug|Any CPU
		Release|Any CPU = Release|Any CPU
	EndGlobalSection
	GlobalSection(ProjectConfigurationPlatforms) = postSolution
		{BC6B1ACD-EBBB-4ECC-9D41-3A3A3735A520}.Debug|Any CPU.ActiveCfg = Debug|Any CPU
		{BC6B1ACD-EBBB-4ECC-9D41-3A3A3735A520}.Debug|Any CPU.Build.0 = Debug|Any CPU
		{BC6B1ACD-EBBB-4ECC-9D41-3A3A3735A520}.Release|Any CPU.ActiveCfg = Release|Any CPU
		{BC6B1ACD-EBBB-4ECC-9D41-3A3A3735A520}.Release|Any CPU.Build.0 = Release|Any CPU
		{F0D74CCB-3BE1-4CEC-ACB3-1A9F9C40EAA2}.Debug|Any CPU.ActiveCfg = Debug|Any CPU
		{F0D74CCB-3BE1-4CEC-ACB3-1A9F9C40EAA2}.Debug|Any CPU.Build.0 = Debug|Any CPU
		{F0D74CCB-3BE1-4CEC-ACB3-1A9F9C40EAA2}.Release|Any CPU.ActiveCfg = Release|Any CPU
		{F0D74CCB-3BE1-4CEC-ACB3-1A9F9C40EAA2}.Release|Any CPU.Build.0 = Release|Any CPU
	EndGlobalSection
	GlobalSection(SolutionProperties) = preSolution
		HideSolutionNode = FALSE
	EndGlobalSection
	GlobalSection(ExtensibilityGlobals) = postSolution
		SolutionGuid = {1A2B534B-0FD5-459F-93F7-D79C8559F78F}
	EndGlobalSection
EndGlobal
